{
  "originHash" : "05694f808fb4935ef4fe891c34be56dc4b46d38f3139486c4e04de0e61773daf",
  "pins" : [
    {
      "identity" : "picokit",
      "kind" : "remoteSourceControl",
      "location" : "https://github.com/kyooni18/PicoKit.git",
      "state" : {
        "revision" : "28a36192d834d8be019320a90c0f6e070ada0c6d",
        "version" : "0.1.4"
      }
    }
  ],
  "version" : 3
}
