{
  "originHash" : "bbde360679a8d48d5ac633713f63f82bef10bf00ceb6f921f893fecaa6340898",
  "pins" : [
    {
      "identity" : "picokit",
      "kind" : "remoteSourceControl",
      "location" : "https://github.com/kyooni18/PicoKit.git",
      "state" : {
        "revision" : "d7eae666aebfeadb6efd4991537bb8a4f9d802f5",
        "version" : "0.1.0"
      }
    }
  ],
  "version" : 3
}
